// !$*UTF8*$!
{
	archiveVersion = 1;
	classes = {
	};
	objectVersion = 46;
	objects = {

/* Begin PBXBuildFile section */
		841C638F1B4C32E50025A391 /* sketch20150701.cpp in Sources */ = {isa = PBXBuildFile; fileRef = 841C638D1B4C32E50025A391 /* sketch20150701.cpp */; };
		841C63981B4C34360025A391 /* ofxShape.cpp in Sources */ = {isa = PBXBuildFile; fileRef = 841C63921B4C34360025A391 /* ofxShape.cpp */; };
		841C63991B4C34360025A391 /* ofxShapeSystem.cpp in Sources */ = {isa = PBXBuildFile; fileRef = 841C63941B4C34360025A391 /* ofxShapeSystem.cpp */; };
		841C639A1B4C34360025A391 /* ofxTransformable.cpp in Sources */ = {isa = PBXBuildFile; fileRef = 841C63961B4C34360025A391 /* ofxTransformable.cpp */; };
		8436EF511B4C468400D4F65F /* Hand.cpp in Sources */ = {isa = PBXBuildFile; fileRef = 8436EF3D1B4C468400D4F65F /* Hand.cpp */; };
		8436EF521B4C468400D4F65F /* Interpreter.cpp in Sources */ = {isa = PBXBuildFile; fileRef = 8436EF3F1B4C468400D4F65F /* Interpreter.cpp */; };
		8436EF531B4C468400D4F65F /* Joint.cpp in Sources */ = {isa = PBXBuildFile; fileRef = 8436EF411B4C468400D4F65F /* Joint.cpp */; };
		8436EF541B4C468400D4F65F /* Skeleton.cpp in Sources */ = {isa = PBXBuildFile; fileRef = 8436EF431B4C468400D4F65F /* Skeleton.cpp */; };
		8436EF551B4C468400D4F65F /* Logger.cpp in Sources */ = {isa = PBXBuildFile; fileRef = 8436EF461B4C468400D4F65F /* Logger.cpp */; };
		8436EF561B4C468400D4F65F /* Mapper.cpp in Sources */ = {isa = PBXBuildFile; fileRef = 8436EF481B4C468400D4F65F /* Mapper.cpp */; };
		8436EF571B4C468400D4F65F /* Parser.cpp in Sources */ = {isa = PBXBuildFile; fileRef = 8436EF4A1B4C468400D4F65F /* Parser.cpp */; };
		8436EF581B4C468400D4F65F /* BodyRenderer.cpp in Sources */ = {isa = PBXBuildFile; fileRef = 8436EF4D1B4C468400D4F65F /* BodyRenderer.cpp */; };
		8436EF591B4C468400D4F65F /* ofxKinectV2OSC.cpp in Sources */ = {isa = PBXBuildFile; fileRef = 8436EF4F1B4C468400D4F65F /* ofxKinectV2OSC.cpp */; };
		8436EF861B4C49CF00D4F65F /* ofxOscBundle.cpp in Sources */ = {isa = PBXBuildFile; fileRef = 8436EF5F1B4C49CF00D4F65F /* ofxOscBundle.cpp */; };
		8436EF871B4C49CF00D4F65F /* ofxOscMessage.cpp in Sources */ = {isa = PBXBuildFile; fileRef = 8436EF611B4C49CF00D4F65F /* ofxOscMessage.cpp */; };
		8436EF881B4C49CF00D4F65F /* ofxOscParameterSync.cpp in Sources */ = {isa = PBXBuildFile; fileRef = 8436EF631B4C49CF00D4F65F /* ofxOscParameterSync.cpp */; };
		8436EF891B4C49CF00D4F65F /* ofxOscReceiver.cpp in Sources */ = {isa = PBXBuildFile; fileRef = 8436EF651B4C49CF00D4F65F /* ofxOscReceiver.cpp */; };
		8436EF8A1B4C49CF00D4F65F /* ofxOscSender.cpp in Sources */ = {isa = PBXBuildFile; fileRef = 8436EF671B4C49CF00D4F65F /* ofxOscSender.cpp */; };
		8436EF8B1B4C49CF00D4F65F /* IpEndpointName.cpp in Sources */ = {isa = PBXBuildFile; fileRef = 8436EF6D1B4C49CF00D4F65F /* IpEndpointName.cpp */; };
		8436EF8C1B4C49CF00D4F65F /* NetworkingUtils.cpp in Sources */ = {isa = PBXBuildFile; fileRef = 8436EF721B4C49CF00D4F65F /* NetworkingUtils.cpp */; };
		8436EF8D1B4C49CF00D4F65F /* UdpSocket.cpp in Sources */ = {isa = PBXBuildFile; fileRef = 8436EF731B4C49CF00D4F65F /* UdpSocket.cpp */; };
		8436EF8E1B4C49CF00D4F65F /* OscOutboundPacketStream.cpp in Sources */ = {isa = PBXBuildFile; fileRef = 8436EF7D1B4C49CF00D4F65F /* OscOutboundPacketStream.cpp */; };
		8436EF8F1B4C49CF00D4F65F /* OscPrintReceivedElements.cpp in Sources */ = {isa = PBXBuildFile; fileRef = 8436EF801B4C49CF00D4F65F /* OscPrintReceivedElements.cpp */; };
		8436EF901B4C49CF00D4F65F /* OscReceivedElements.cpp in Sources */ = {isa = PBXBuildFile; fileRef = 8436EF821B4C49CF00D4F65F /* OscReceivedElements.cpp */; };
		8436EF911B4C49CF00D4F65F /* OscTypes.cpp in Sources */ = {isa = PBXBuildFile; fileRef = 8436EF841B4C49CF00D4F65F /* OscTypes.cpp */; };
		84B992621B3DC9ED0090FDD3 /* ofxXmlSettings.cpp in Sources */ = {isa = PBXBuildFile; fileRef = 84B9925B1B3DC9ED0090FDD3 /* ofxXmlSettings.cpp */; };
		84B992631B3DC9ED0090FDD3 /* tinyxml.cpp in Sources */ = {isa = PBXBuildFile; fileRef = 84B9925E1B3DC9ED0090FDD3 /* tinyxml.cpp */; };
		84B992641B3DC9ED0090FDD3 /* tinyxmlerror.cpp in Sources */ = {isa = PBXBuildFile; fileRef = 84B992601B3DC9ED0090FDD3 /* tinyxmlerror.cpp */; };
		84B992651B3DC9ED0090FDD3 /* tinyxmlparser.cpp in Sources */ = {isa = PBXBuildFile; fileRef = 84B992611B3DC9ED0090FDD3 /* tinyxmlparser.cpp */; };
		84B992711B3DC9F70090FDD3 /* ofxLayerMask.cpp in Sources */ = {isa = PBXBuildFile; fileRef = 84B992681B3DC9F70090FDD3 /* ofxLayerMask.cpp */; };
		84B992761B3DC9FB0090FDD3 /* ofxSecondWindow.cpp in Sources */ = {isa = PBXBuildFile; fileRef = 84B992741B3DC9FB0090FDD3 /* ofxSecondWindow.cpp */; };
		84B9929A1B3DCA020090FDD3 /* Canvas.cpp in Sources */ = {isa = PBXBuildFile; fileRef = 84B9927B1B3DCA020090FDD3 /* Canvas.cpp */; };
		84B9929B1B3DCA020090FDD3 /* MaskFrame.cpp in Sources */ = {isa = PBXBuildFile; fileRef = 84B9927D1B3DCA020090FDD3 /* MaskFrame.cpp */; };
		84B9929C1B3DCA020090FDD3 /* TextArea.cpp in Sources */ = {isa = PBXBuildFile; fileRef = 84B9927F1B3DCA020090FDD3 /* TextArea.cpp */; };
		84B9929D1B3DCA020090FDD3 /* CanvasContents.cpp in Sources */ = {isa = PBXBuildFile; fileRef = 84B992821B3DCA020090FDD3 /* CanvasContents.cpp */; };
		84B9929E1B3DCA020090FDD3 /* SafeDeque.cpp in Sources */ = {isa = PBXBuildFile; fileRef = 84B992841B3DCA020090FDD3 /* SafeDeque.cpp */; };
		84B9929F1B3DCA020090FDD3 /* Homography.cpp in Sources */ = {isa = PBXBuildFile; fileRef = 84B992861B3DCA020090FDD3 /* Homography.cpp */; };
		84B992A01B3DCA020090FDD3 /* Mouse.cpp in Sources */ = {isa = PBXBuildFile; fileRef = 84B992881B3DCA020090FDD3 /* Mouse.cpp */; };
		84B992A11B3DCA020090FDD3 /* DragHandle.cpp in Sources */ = {isa = PBXBuildFile; fileRef = 84B9928B1B3DCA020090FDD3 /* DragHandle.cpp */; };
		84B992A21B3DCA020090FDD3 /* MaskPoint.cpp in Sources */ = {isa = PBXBuildFile; fileRef = 84B9928D1B3DCA020090FDD3 /* MaskPoint.cpp */; };
		84B992A31B3DCA020090FDD3 /* PointObject.cpp in Sources */ = {isa = PBXBuildFile; fileRef = 84B9928F1B3DCA020090FDD3 /* PointObject.cpp */; };
		84B992A41B3DCA020090FDD3 /* ofExtensions.cpp in Sources */ = {isa = PBXBuildFile; fileRef = 84B992911B3DCA020090FDD3 /* ofExtensions.cpp */; };
		84B992A51B3DCA020090FDD3 /* ofxProjectionMask.cpp in Sources */ = {isa = PBXBuildFile; fileRef = 84B992931B3DCA020090FDD3 /* ofxProjectionMask.cpp */; };
		84B992A61B3DCA020090FDD3 /* Presets.cpp in Sources */ = {isa = PBXBuildFile; fileRef = 84B992951B3DCA020090FDD3 /* Presets.cpp */; };
		84B992A71B3DCA020090FDD3 /* Xml.cpp in Sources */ = {isa = PBXBuildFile; fileRef = 84B992981B3DCA020090FDD3 /* Xml.cpp */; };
		84B992AD1B3DCABB0090FDD3 /* ofxTexturePlane.cpp in Sources */ = {isa = PBXBuildFile; fileRef = 84B992AB1B3DCABB0090FDD3 /* ofxTexturePlane.cpp */; };
		84B994ED1B3F7B6D0090FDD3 /* Sketch.cpp in Sources */ = {isa = PBXBuildFile; fileRef = 84B994E71B3F7B6D0090FDD3 /* Sketch.cpp */; };
		BBAB23CB13894F3D00AA2426 /* GLUT.framework in CopyFiles */ = {isa = PBXBuildFile; fileRef = BBAB23BE13894E4700AA2426 /* GLUT.framework */; };
		E4328149138ABC9F0047C5CB /* openFrameworksDebug.a in Frameworks */ = {isa = PBXBuildFile; fileRef = E4328148138ABC890047C5CB /* openFrameworksDebug.a */; };
		E45BE97B0E8CC7DD009D7055 /* AGL.framework in Frameworks */ = {isa = PBXBuildFile; fileRef = E45BE9710E8CC7DD009D7055 /* AGL.framework */; };
		E45BE97C0E8CC7DD009D7055 /* ApplicationServices.framework in Frameworks */ = {isa = PBXBuildFile; fileRef = E45BE9720E8CC7DD009D7055 /* ApplicationServices.framework */; };
		E45BE97D0E8CC7DD009D7055 /* AudioToolbox.framework in Frameworks */ = {isa = PBXBuildFile; fileRef = E45BE9730E8CC7DD009D7055 /* AudioToolbox.framework */; };
		E45BE97F0E8CC7DD009D7055 /* CoreAudio.framework in Frameworks */ = {isa = PBXBuildFile; fileRef = E45BE9750E8CC7DD009D7055 /* CoreAudio.framework */; };
		E45BE9800E8CC7DD009D7055 /* CoreFoundation.framework in Frameworks */ = {isa = PBXBuildFile; fileRef = E45BE9760E8CC7DD009D7055 /* CoreFoundation.framework */; };
		E45BE9810E8CC7DD009D7055 /* CoreServices.framework in Frameworks */ = {isa = PBXBuildFile; fileRef = E45BE9770E8CC7DD009D7055 /* CoreServices.framework */; };
		E45BE9830E8CC7DD009D7055 /* OpenGL.framework in Frameworks */ = {isa = PBXBuildFile; fileRef = E45BE9790E8CC7DD009D7055 /* OpenGL.framework */; };
		E45BE9840E8CC7DD009D7055 /* QuickTime.framework in Frameworks */ = {isa = PBXBuildFile; fileRef = E45BE97A0E8CC7DD009D7055 /* QuickTime.framework */; };
		E4B69E200A3A1BDC003C02F2 /* main.cpp in Sources */ = {isa = PBXBuildFile; fileRef = E4B69E1D0A3A1BDC003C02F2 /* main.cpp */; };
		E4B69E210A3A1BDC003C02F2 /* ofApp.cpp in Sources */ = {isa = PBXBuildFile; fileRef = E4B69E1E0A3A1BDC003C02F2 /* ofApp.cpp */; };
		E4C2424710CC5A17004149E2 /* AppKit.framework in Frameworks */ = {isa = PBXBuildFile; fileRef = E4C2424410CC5A17004149E2 /* AppKit.framework */; };
		E4C2424810CC5A17004149E2 /* Cocoa.framework in Frameworks */ = {isa = PBXBuildFile; fileRef = E4C2424510CC5A17004149E2 /* Cocoa.framework */; };
		E4C2424910CC5A17004149E2 /* IOKit.framework in Frameworks */ = {isa = PBXBuildFile; fileRef = E4C2424610CC5A17004149E2 /* IOKit.framework */; };
		E4EB6799138ADC1D00A09F29 /* GLUT.framework in Frameworks */ = {isa = PBXBuildFile; fileRef = BBAB23BE13894E4700AA2426 /* GLUT.framework */; };
		E7E077E515D3B63C0020DFD4 /* CoreVideo.framework in Frameworks */ = {isa = PBXBuildFile; fileRef = E7E077E415D3B63C0020DFD4 /* CoreVideo.framework */; };
		E7E077E815D3B6510020DFD4 /* QTKit.framework in Frameworks */ = {isa = PBXBuildFile; fileRef = E7E077E715D3B6510020DFD4 /* QTKit.framework */; };
		E7F985F815E0DEA3003869B5 /* Accelerate.framework in Frameworks */ = {isa = PBXBuildFile; fileRef = E7F985F515E0DE99003869B5 /* Accelerate.framework */; };
/* End PBXBuildFile section */

/* Begin PBXContainerItemProxy section */
		E4328147138ABC890047C5CB /* PBXContainerItemProxy */ = {
			isa = PBXContainerItemProxy;
			containerPortal = E4328143138ABC890047C5CB /* openFrameworksLib.xcodeproj */;
			proxyType = 2;
			remoteGlobalIDString = E4B27C1510CBEB8E00536013;
			remoteInfo = openFrameworks;
		};
		E4EEB9AB138B136A00A80321 /* PBXContainerItemProxy */ = {
			isa = PBXContainerItemProxy;
			containerPortal = E4328143138ABC890047C5CB /* openFrameworksLib.xcodeproj */;
			proxyType = 1;
			remoteGlobalIDString = E4B27C1410CBEB8E00536013;
			remoteInfo = openFrameworks;
		};
/* End PBXContainerItemProxy section */

/* Begin PBXCopyFilesBuildPhase section */
		E4C2427710CC5ABF004149E2 /* CopyFiles */ = {
			isa = PBXCopyFilesBuildPhase;
			buildActionMask = 2147483647;
			dstPath = "";
			dstSubfolderSpec = 10;
			files = (
				BBAB23CB13894F3D00AA2426 /* GLUT.framework in CopyFiles */,
			);
			runOnlyForDeploymentPostprocessing = 0;
		};
/* End PBXCopyFilesBuildPhase section */

/* Begin PBXFileReference section */
		841C638D1B4C32E50025A391 /* sketch20150701.cpp */ = {isa = PBXFileReference; fileEncoding = 4; lastKnownFileType = sourcecode.cpp.cpp; path = sketch20150701.cpp; sourceTree = "<group>"; };
		841C638E1B4C32E50025A391 /* sketch20150701.h */ = {isa = PBXFileReference; fileEncoding = 4; lastKnownFileType = sourcecode.c.h; path = sketch20150701.h; sourceTree = "<group>"; };
		841C63921B4C34360025A391 /* ofxShape.cpp */ = {isa = PBXFileReference; lastKnownFileType = sourcecode.cpp.cpp; path = ofxShape.cpp; sourceTree = "<group>"; };
		841C63931B4C34360025A391 /* ofxShape.h */ = {isa = PBXFileReference; lastKnownFileType = sourcecode.c.h; path = ofxShape.h; sourceTree = "<group>"; };
		841C63941B4C34360025A391 /* ofxShapeSystem.cpp */ = {isa = PBXFileReference; lastKnownFileType = sourcecode.cpp.cpp; path = ofxShapeSystem.cpp; sourceTree = "<group>"; };
		841C63951B4C34360025A391 /* ofxShapeSystem.h */ = {isa = PBXFileReference; lastKnownFileType = sourcecode.c.h; path = ofxShapeSystem.h; sourceTree = "<group>"; };
		841C63961B4C34360025A391 /* ofxTransformable.cpp */ = {isa = PBXFileReference; lastKnownFileType = sourcecode.cpp.cpp; path = ofxTransformable.cpp; sourceTree = "<group>"; };
		841C63971B4C34360025A391 /* ofxTransformable.h */ = {isa = PBXFileReference; lastKnownFileType = sourcecode.c.h; path = ofxTransformable.h; sourceTree = "<group>"; };
		8436EF3D1B4C468400D4F65F /* Hand.cpp */ = {isa = PBXFileReference; lastKnownFileType = sourcecode.cpp.cpp; path = Hand.cpp; sourceTree = "<group>"; };
		8436EF3E1B4C468400D4F65F /* Hand.h */ = {isa = PBXFileReference; lastKnownFileType = sourcecode.c.h; path = Hand.h; sourceTree = "<group>"; };
		8436EF3F1B4C468400D4F65F /* Interpreter.cpp */ = {isa = PBXFileReference; lastKnownFileType = sourcecode.cpp.cpp; path = Interpreter.cpp; sourceTree = "<group>"; };
		8436EF401B4C468400D4F65F /* Interpreter.h */ = {isa = PBXFileReference; lastKnownFileType = sourcecode.c.h; path = Interpreter.h; sourceTree = "<group>"; };
		8436EF411B4C468400D4F65F /* Joint.cpp */ = {isa = PBXFileReference; lastKnownFileType = sourcecode.cpp.cpp; path = Joint.cpp; sourceTree = "<group>"; };
		8436EF421B4C468400D4F65F /* Joint.h */ = {isa = PBXFileReference; lastKnownFileType = sourcecode.c.h; path = Joint.h; sourceTree = "<group>"; };
		8436EF431B4C468400D4F65F /* Skeleton.cpp */ = {isa = PBXFileReference; lastKnownFileType = sourcecode.cpp.cpp; path = Skeleton.cpp; sourceTree = "<group>"; };
		8436EF441B4C468400D4F65F /* Skeleton.h */ = {isa = PBXFileReference; lastKnownFileType = sourcecode.c.h; path = Skeleton.h; sourceTree = "<group>"; };
		8436EF461B4C468400D4F65F /* Logger.cpp */ = {isa = PBXFileReference; lastKnownFileType = sourcecode.cpp.cpp; path = Logger.cpp; sourceTree = "<group>"; };
		8436EF471B4C468400D4F65F /* Logger.h */ = {isa = PBXFileReference; lastKnownFileType = sourcecode.c.h; path = Logger.h; sourceTree = "<group>"; };
		8436EF481B4C468400D4F65F /* Mapper.cpp */ = {isa = PBXFileReference; lastKnownFileType = sourcecode.cpp.cpp; path = Mapper.cpp; sourceTree = "<group>"; };
		8436EF491B4C468400D4F65F /* Mapper.h */ = {isa = PBXFileReference; lastKnownFileType = sourcecode.c.h; path = Mapper.h; sourceTree = "<group>"; };
		8436EF4A1B4C468400D4F65F /* Parser.cpp */ = {isa = PBXFileReference; lastKnownFileType = sourcecode.cpp.cpp; path = Parser.cpp; sourceTree = "<group>"; };
		8436EF4B1B4C468400D4F65F /* Parser.h */ = {isa = PBXFileReference; lastKnownFileType = sourcecode.c.h; path = Parser.h; sourceTree = "<group>"; };
		8436EF4D1B4C468400D4F65F /* BodyRenderer.cpp */ = {isa = PBXFileReference; lastKnownFileType = sourcecode.cpp.cpp; path = BodyRenderer.cpp; sourceTree = "<group>"; };
		8436EF4E1B4C468400D4F65F /* BodyRenderer.h */ = {isa = PBXFileReference; lastKnownFileType = sourcecode.c.h; path = BodyRenderer.h; sourceTree = "<group>"; };
		8436EF4F1B4C468400D4F65F /* ofxKinectV2OSC.cpp */ = {isa = PBXFileReference; lastKnownFileType = sourcecode.cpp.cpp; path = ofxKinectV2OSC.cpp; sourceTree = "<group>"; };
		8436EF501B4C468400D4F65F /* ofxKinectV2OSC.h */ = {isa = PBXFileReference; lastKnownFileType = sourcecode.c.h; path = ofxKinectV2OSC.h; sourceTree = "<group>"; };
		8436EF5D1B4C49CF00D4F65F /* ofxOsc.h */ = {isa = PBXFileReference; lastKnownFileType = sourcecode.c.h; path = ofxOsc.h; sourceTree = "<group>"; };
		8436EF5E1B4C49CF00D4F65F /* ofxOscArg.h */ = {isa = PBXFileReference; lastKnownFileType = sourcecode.c.h; path = ofxOscArg.h; sourceTree = "<group>"; };
		8436EF5F1B4C49CF00D4F65F /* ofxOscBundle.cpp */ = {isa = PBXFileReference; lastKnownFileType = sourcecode.cpp.cpp; path = ofxOscBundle.cpp; sourceTree = "<group>"; };
		8436EF601B4C49CF00D4F65F /* ofxOscBundle.h */ = {isa = PBXFileReference; lastKnownFileType = sourcecode.c.h; path = ofxOscBundle.h; sourceTree = "<group>"; };
		8436EF611B4C49CF00D4F65F /* ofxOscMessage.cpp */ = {isa = PBXFileReference; lastKnownFileType = sourcecode.cpp.cpp; path = ofxOscMessage.cpp; sourceTree = "<group>"; };
		8436EF621B4C49CF00D4F65F /* ofxOscMessage.h */ = {isa = PBXFileReference; lastKnownFileType = sourcecode.c.h; path = ofxOscMessage.h; sourceTree = "<group>"; };
		8436EF631B4C49CF00D4F65F /* ofxOscParameterSync.cpp */ = {isa = PBXFileReference; lastKnownFileType = sourcecode.cpp.cpp; path = ofxOscParameterSync.cpp; sourceTree = "<group>"; };
		8436EF641B4C49CF00D4F65F /* ofxOscParameterSync.h */ = {isa = PBXFileReference; lastKnownFileType = sourcecode.c.h; path = ofxOscParameterSync.h; sourceTree = "<group>"; };
		8436EF651B4C49CF00D4F65F /* ofxOscReceiver.cpp */ = {isa = PBXFileReference; lastKnownFileType = sourcecode.cpp.cpp; path = ofxOscReceiver.cpp; sourceTree = "<group>"; };
		8436EF661B4C49CF00D4F65F /* ofxOscReceiver.h */ = {isa = PBXFileReference; lastKnownFileType = sourcecode.c.h; path = ofxOscReceiver.h; sourceTree = "<group>"; };
		8436EF671B4C49CF00D4F65F /* ofxOscSender.cpp */ = {isa = PBXFileReference; lastKnownFileType = sourcecode.cpp.cpp; path = ofxOscSender.cpp; sourceTree = "<group>"; };
		8436EF681B4C49CF00D4F65F /* ofxOscSender.h */ = {isa = PBXFileReference; lastKnownFileType = sourcecode.c.h; path = ofxOscSender.h; sourceTree = "<group>"; };
		8436EF6D1B4C49CF00D4F65F /* IpEndpointName.cpp */ = {isa = PBXFileReference; lastKnownFileType = sourcecode.cpp.cpp; path = IpEndpointName.cpp; sourceTree = "<group>"; };
		8436EF6E1B4C49CF00D4F65F /* IpEndpointName.h */ = {isa = PBXFileReference; lastKnownFileType = sourcecode.c.h; path = IpEndpointName.h; sourceTree = "<group>"; };
		8436EF6F1B4C49CF00D4F65F /* NetworkingUtils.h */ = {isa = PBXFileReference; lastKnownFileType = sourcecode.c.h; path = NetworkingUtils.h; sourceTree = "<group>"; };
		8436EF701B4C49CF00D4F65F /* PacketListener.h */ = {isa = PBXFileReference; lastKnownFileType = sourcecode.c.h; path = PacketListener.h; sourceTree = "<group>"; };
		8436EF721B4C49CF00D4F65F /* NetworkingUtils.cpp */ = {isa = PBXFileReference; lastKnownFileType = sourcecode.cpp.cpp; path = NetworkingUtils.cpp; sourceTree = "<group>"; };
		8436EF731B4C49CF00D4F65F /* UdpSocket.cpp */ = {isa = PBXFileReference; lastKnownFileType = sourcecode.cpp.cpp; path = UdpSocket.cpp; sourceTree = "<group>"; };
		8436EF741B4C49CF00D4F65F /* TimerListener.h */ = {isa = PBXFileReference; lastKnownFileType = sourcecode.c.h; path = TimerListener.h; sourceTree = "<group>"; };
		8436EF751B4C49CF00D4F65F /* UdpSocket.h */ = {isa = PBXFileReference; lastKnownFileType = sourcecode.c.h; path = UdpSocket.h; sourceTree = "<group>"; };
		8436EF7A1B4C49CF00D4F65F /* MessageMappingOscPacketListener.h */ = {isa = PBXFileReference; lastKnownFileType = sourcecode.c.h; path = MessageMappingOscPacketListener.h; sourceTree = "<group>"; };
		8436EF7B1B4C49CF00D4F65F /* OscException.h */ = {isa = PBXFileReference; lastKnownFileType = sourcecode.c.h; path = OscException.h; sourceTree = "<group>"; };
		8436EF7C1B4C49CF00D4F65F /* OscHostEndianness.h */ = {isa = PBXFileReference; lastKnownFileType = sourcecode.c.h; path = OscHostEndianness.h; sourceTree = "<group>"; };
		8436EF7D1B4C49CF00D4F65F /* OscOutboundPacketStream.cpp */ = {isa = PBXFileReference; lastKnownFileType = sourcecode.cpp.cpp; path = OscOutboundPacketStream.cpp; sourceTree = "<group>"; };
		8436EF7E1B4C49CF00D4F65F /* OscOutboundPacketStream.h */ = {isa = PBXFileReference; lastKnownFileType = sourcecode.c.h; path = OscOutboundPacketStream.h; sourceTree = "<group>"; };
		8436EF7F1B4C49CF00D4F65F /* OscPacketListener.h */ = {isa = PBXFileReference; lastKnownFileType = sourcecode.c.h; path = OscPacketListener.h; sourceTree = "<group>"; };
		8436EF801B4C49CF00D4F65F /* OscPrintReceivedElements.cpp */ = {isa = PBXFileReference; lastKnownFileType = sourcecode.cpp.cpp; path = OscPrintReceivedElements.cpp; sourceTree = "<group>"; };
		8436EF811B4C49CF00D4F65F /* OscPrintReceivedElements.h */ = {isa = PBXFileReference; lastKnownFileType = sourcecode.c.h; path = OscPrintReceivedElements.h; sourceTree = "<group>"; };
		8436EF821B4C49CF00D4F65F /* OscReceivedElements.cpp */ = {isa = PBXFileReference; lastKnownFileType = sourcecode.cpp.cpp; path = OscReceivedElements.cpp; sourceTree = "<group>"; };
		8436EF831B4C49CF00D4F65F /* OscReceivedElements.h */ = {isa = PBXFileReference; lastKnownFileType = sourcecode.c.h; path = OscReceivedElements.h; sourceTree = "<group>"; };
		8436EF841B4C49CF00D4F65F /* OscTypes.cpp */ = {isa = PBXFileReference; lastKnownFileType = sourcecode.cpp.cpp; path = OscTypes.cpp; sourceTree = "<group>"; };
		8436EF851B4C49CF00D4F65F /* OscTypes.h */ = {isa = PBXFileReference; lastKnownFileType = sourcecode.c.h; path = OscTypes.h; sourceTree = "<group>"; };
		84B9925B1B3DC9ED0090FDD3 /* ofxXmlSettings.cpp */ = {isa = PBXFileReference; lastKnownFileType = sourcecode.cpp.cpp; path = ofxXmlSettings.cpp; sourceTree = "<group>"; };
		84B9925C1B3DC9ED0090FDD3 /* ofxXmlSettings.h */ = {isa = PBXFileReference; lastKnownFileType = sourcecode.c.h; path = ofxXmlSettings.h; sourceTree = "<group>"; };
		84B9925E1B3DC9ED0090FDD3 /* tinyxml.cpp */ = {isa = PBXFileReference; lastKnownFileType = sourcecode.cpp.cpp; path = tinyxml.cpp; sourceTree = "<group>"; };
		84B9925F1B3DC9ED0090FDD3 /* tinyxml.h */ = {isa = PBXFileReference; lastKnownFileType = sourcecode.c.h; path = tinyxml.h; sourceTree = "<group>"; };
		84B992601B3DC9ED0090FDD3 /* tinyxmlerror.cpp */ = {isa = PBXFileReference; lastKnownFileType = sourcecode.cpp.cpp; path = tinyxmlerror.cpp; sourceTree = "<group>"; };
		84B992611B3DC9ED0090FDD3 /* tinyxmlparser.cpp */ = {isa = PBXFileReference; lastKnownFileType = sourcecode.cpp.cpp; path = tinyxmlparser.cpp; sourceTree = "<group>"; };
		84B992681B3DC9F70090FDD3 /* ofxLayerMask.cpp */ = {isa = PBXFileReference; lastKnownFileType = sourcecode.cpp.cpp; path = ofxLayerMask.cpp; sourceTree = "<group>"; };
		84B992691B3DC9F70090FDD3 /* ofxLayerMask.h */ = {isa = PBXFileReference; lastKnownFileType = sourcecode.c.h; path = ofxLayerMask.h; sourceTree = "<group>"; };
		84B9926B1B3DC9F70090FDD3 /* alphaMask_ES2.frag */ = {isa = PBXFileReference; lastKnownFileType = sourcecode.glsl; path = alphaMask_ES2.frag; sourceTree = "<group>"; };
		84B9926C1B3DC9F70090FDD3 /* alphaMask_ES2.vert */ = {isa = PBXFileReference; lastKnownFileType = sourcecode.glsl; path = alphaMask_ES2.vert; sourceTree = "<group>"; };
		84B9926D1B3DC9F70090FDD3 /* alphaMask_GL2.frag */ = {isa = PBXFileReference; lastKnownFileType = sourcecode.glsl; path = alphaMask_GL2.frag; sourceTree = "<group>"; };
		84B9926E1B3DC9F70090FDD3 /* alphaMask_GL2.vert */ = {isa = PBXFileReference; lastKnownFileType = sourcecode.glsl; path = alphaMask_GL2.vert; sourceTree = "<group>"; };
		84B9926F1B3DC9F70090FDD3 /* alphaMask_GL3.frag */ = {isa = PBXFileReference; lastKnownFileType = sourcecode.glsl; path = alphaMask_GL3.frag; sourceTree = "<group>"; };
		84B992701B3DC9F70090FDD3 /* alphaMask_GL3.vert */ = {isa = PBXFileReference; lastKnownFileType = sourcecode.glsl; path = alphaMask_GL3.vert; sourceTree = "<group>"; };
		84B992741B3DC9FB0090FDD3 /* ofxSecondWindow.cpp */ = {isa = PBXFileReference; lastKnownFileType = sourcecode.cpp.cpp; path = ofxSecondWindow.cpp; sourceTree = "<group>"; };
		84B992751B3DC9FB0090FDD3 /* ofxSecondWindow.h */ = {isa = PBXFileReference; lastKnownFileType = sourcecode.c.h; path = ofxSecondWindow.h; sourceTree = "<group>"; };
		84B9927B1B3DCA020090FDD3 /* Canvas.cpp */ = {isa = PBXFileReference; lastKnownFileType = sourcecode.cpp.cpp; path = Canvas.cpp; sourceTree = "<group>"; };
		84B9927C1B3DCA020090FDD3 /* Canvas.h */ = {isa = PBXFileReference; lastKnownFileType = sourcecode.c.h; path = Canvas.h; sourceTree = "<group>"; };
		84B9927D1B3DCA020090FDD3 /* MaskFrame.cpp */ = {isa = PBXFileReference; lastKnownFileType = sourcecode.cpp.cpp; path = MaskFrame.cpp; sourceTree = "<group>"; };
		84B9927E1B3DCA020090FDD3 /* MaskFrame.h */ = {isa = PBXFileReference; lastKnownFileType = sourcecode.c.h; path = MaskFrame.h; sourceTree = "<group>"; };
		84B9927F1B3DCA020090FDD3 /* TextArea.cpp */ = {isa = PBXFileReference; lastKnownFileType = sourcecode.cpp.cpp; path = TextArea.cpp; sourceTree = "<group>"; };
		84B992801B3DCA020090FDD3 /* TextArea.h */ = {isa = PBXFileReference; lastKnownFileType = sourcecode.c.h; path = TextArea.h; sourceTree = "<group>"; };
		84B992821B3DCA020090FDD3 /* CanvasContents.cpp */ = {isa = PBXFileReference; lastKnownFileType = sourcecode.cpp.cpp; path = CanvasContents.cpp; sourceTree = "<group>"; };
		84B992831B3DCA020090FDD3 /* CanvasContents.h */ = {isa = PBXFileReference; lastKnownFileType = sourcecode.c.h; path = CanvasContents.h; sourceTree = "<group>"; };
		84B992841B3DCA020090FDD3 /* SafeDeque.cpp */ = {isa = PBXFileReference; lastKnownFileType = sourcecode.cpp.cpp; path = SafeDeque.cpp; sourceTree = "<group>"; };
		84B992851B3DCA020090FDD3 /* SafeDeque.h */ = {isa = PBXFileReference; lastKnownFileType = sourcecode.c.h; path = SafeDeque.h; sourceTree = "<group>"; };
		84B992861B3DCA020090FDD3 /* Homography.cpp */ = {isa = PBXFileReference; lastKnownFileType = sourcecode.cpp.cpp; path = Homography.cpp; sourceTree = "<group>"; };
		84B992871B3DCA020090FDD3 /* Homography.h */ = {isa = PBXFileReference; lastKnownFileType = sourcecode.c.h; path = Homography.h; sourceTree = "<group>"; };
		84B992881B3DCA020090FDD3 /* Mouse.cpp */ = {isa = PBXFileReference; lastKnownFileType = sourcecode.cpp.cpp; path = Mouse.cpp; sourceTree = "<group>"; };
		84B992891B3DCA020090FDD3 /* Mouse.h */ = {isa = PBXFileReference; lastKnownFileType = sourcecode.c.h; path = Mouse.h; sourceTree = "<group>"; };
		84B9928B1B3DCA020090FDD3 /* DragHandle.cpp */ = {isa = PBXFileReference; lastKnownFileType = sourcecode.cpp.cpp; path = DragHandle.cpp; sourceTree = "<group>"; };
		84B9928C1B3DCA020090FDD3 /* DragHandle.h */ = {isa = PBXFileReference; lastKnownFileType = sourcecode.c.h; path = DragHandle.h; sourceTree = "<group>"; };
		84B9928D1B3DCA020090FDD3 /* MaskPoint.cpp */ = {isa = PBXFileReference; lastKnownFileType = sourcecode.cpp.cpp; path = MaskPoint.cpp; sourceTree = "<group>"; };
		84B9928E1B3DCA020090FDD3 /* MaskPoint.h */ = {isa = PBXFileReference; lastKnownFileType = sourcecode.c.h; path = MaskPoint.h; sourceTree = "<group>"; };
		84B9928F1B3DCA020090FDD3 /* PointObject.cpp */ = {isa = PBXFileReference; lastKnownFileType = sourcecode.cpp.cpp; path = PointObject.cpp; sourceTree = "<group>"; };
		84B992901B3DCA020090FDD3 /* PointObject.h */ = {isa = PBXFileReference; lastKnownFileType = sourcecode.c.h; path = PointObject.h; sourceTree = "<group>"; };
		84B992911B3DCA020090FDD3 /* ofExtensions.cpp */ = {isa = PBXFileReference; lastKnownFileType = sourcecode.cpp.cpp; path = ofExtensions.cpp; sourceTree = "<group>"; };
		84B992921B3DCA020090FDD3 /* ofExtensions.h */ = {isa = PBXFileReference; lastKnownFileType = sourcecode.c.h; path = ofExtensions.h; sourceTree = "<group>"; };
		84B992931B3DCA020090FDD3 /* ofxProjectionMask.cpp */ = {isa = PBXFileReference; lastKnownFileType = sourcecode.cpp.cpp; path = ofxProjectionMask.cpp; sourceTree = "<group>"; };
		84B992941B3DCA020090FDD3 /* ofxProjectionMask.h */ = {isa = PBXFileReference; lastKnownFileType = sourcecode.c.h; path = ofxProjectionMask.h; sourceTree = "<group>"; };
		84B992951B3DCA020090FDD3 /* Presets.cpp */ = {isa = PBXFileReference; lastKnownFileType = sourcecode.cpp.cpp; path = Presets.cpp; sourceTree = "<group>"; };
		84B992961B3DCA020090FDD3 /* Presets.h */ = {isa = PBXFileReference; lastKnownFileType = sourcecode.c.h; path = Presets.h; sourceTree = "<group>"; };
		84B992981B3DCA020090FDD3 /* Xml.cpp */ = {isa = PBXFileReference; lastKnownFileType = sourcecode.cpp.cpp; path = Xml.cpp; sourceTree = "<group>"; };
		84B992991B3DCA020090FDD3 /* Xml.h */ = {isa = PBXFileReference; lastKnownFileType = sourcecode.c.h; path = Xml.h; sourceTree = "<group>"; };
		84B992AB1B3DCABB0090FDD3 /* ofxTexturePlane.cpp */ = {isa = PBXFileReference; lastKnownFileType = sourcecode.cpp.cpp; path = ofxTexturePlane.cpp; sourceTree = "<group>"; };
		84B992AC1B3DCABB0090FDD3 /* ofxTexturePlane.h */ = {isa = PBXFileReference; lastKnownFileType = sourcecode.c.h; path = ofxTexturePlane.h; sourceTree = "<group>"; };
		84B994E71B3F7B6D0090FDD3 /* Sketch.cpp */ = {isa = PBXFileReference; fileEncoding = 4; lastKnownFileType = sourcecode.cpp.cpp; path = Sketch.cpp; sourceTree = "<group>"; };
		84B994E81B3F7B6D0090FDD3 /* Sketch.h */ = {isa = PBXFileReference; fileEncoding = 4; lastKnownFileType = sourcecode.c.h; path = Sketch.h; sourceTree = "<group>"; };
		BBAB23BE13894E4700AA2426 /* GLUT.framework */ = {isa = PBXFileReference; lastKnownFileType = wrapper.framework; name = GLUT.framework; path = ../../../libs/glut/lib/osx/GLUT.framework; sourceTree = "<group>"; };
		E4328143138ABC890047C5CB /* openFrameworksLib.xcodeproj */ = {isa = PBXFileReference; lastKnownFileType = "wrapper.pb-project"; name = openFrameworksLib.xcodeproj; path = ../../../libs/openFrameworksCompiled/project/osx/openFrameworksLib.xcodeproj; sourceTree = SOURCE_ROOT; };
		E45BE9710E8CC7DD009D7055 /* AGL.framework */ = {isa = PBXFileReference; lastKnownFileType = wrapper.framework; name = AGL.framework; path = /System/Library/Frameworks/AGL.framework; sourceTree = "<absolute>"; };
		E45BE9720E8CC7DD009D7055 /* ApplicationServices.framework */ = {isa = PBXFileReference; lastKnownFileType = wrapper.framework; name = ApplicationServices.framework; path = /System/Library/Frameworks/ApplicationServices.framework; sourceTree = "<absolute>"; };
		E45BE9730E8CC7DD009D7055 /* AudioToolbox.framework */ = {isa = PBXFileReference; lastKnownFileType = wrapper.framework; name = AudioToolbox.framework; path = /System/Library/Frameworks/AudioToolbox.framework; sourceTree = "<absolute>"; };
		E45BE9750E8CC7DD009D7055 /* CoreAudio.framework */ = {isa = PBXFileReference; lastKnownFileType = wrapper.framework; name = CoreAudio.framework; path = /System/Library/Frameworks/CoreAudio.framework; sourceTree = "<absolute>"; };
		E45BE9760E8CC7DD009D7055 /* CoreFoundation.framework */ = {isa = PBXFileReference; lastKnownFileType = wrapper.framework; name = CoreFoundation.framework; path = /System/Library/Frameworks/CoreFoundation.framework; sourceTree = "<absolute>"; };
		E45BE9770E8CC7DD009D7055 /* CoreServices.framework */ = {isa = PBXFileReference; lastKnownFileType = wrapper.framework; name = CoreServices.framework; path = /System/Library/Frameworks/CoreServices.framework; sourceTree = "<absolute>"; };
		E45BE9790E8CC7DD009D7055 /* OpenGL.framework */ = {isa = PBXFileReference; lastKnownFileType = wrapper.framework; name = OpenGL.framework; path = /System/Library/Frameworks/OpenGL.framework; sourceTree = "<absolute>"; };
		E45BE97A0E8CC7DD009D7055 /* QuickTime.framework */ = {isa = PBXFileReference; lastKnownFileType = wrapper.framework; name = QuickTime.framework; path = /System/Library/Frameworks/QuickTime.framework; sourceTree = "<absolute>"; };
		E4B69B5B0A3A1756003C02F2 /* Embodiment1Debug.app */ = {isa = PBXFileReference; explicitFileType = wrapper.application; includeInIndex = 0; path = Embodiment1Debug.app; sourceTree = BUILT_PRODUCTS_DIR; };
		E4B69E1D0A3A1BDC003C02F2 /* main.cpp */ = {isa = PBXFileReference; fileEncoding = 30; lastKnownFileType = sourcecode.cpp.cpp; name = main.cpp; path = src/main.cpp; sourceTree = SOURCE_ROOT; };
		E4B69E1E0A3A1BDC003C02F2 /* ofApp.cpp */ = {isa = PBXFileReference; explicitFileType = sourcecode.cpp.cpp; fileEncoding = 30; name = ofApp.cpp; path = src/ofApp.cpp; sourceTree = SOURCE_ROOT; };
		E4B69E1F0A3A1BDC003C02F2 /* ofApp.h */ = {isa = PBXFileReference; fileEncoding = 30; lastKnownFileType = sourcecode.c.h; name = ofApp.h; path = src/ofApp.h; sourceTree = SOURCE_ROOT; };
		E4B6FCAD0C3E899E008CF71C /* openFrameworks-Info.plist */ = {isa = PBXFileReference; fileEncoding = 30; lastKnownFileType = text.plist.xml; path = "openFrameworks-Info.plist"; sourceTree = "<group>"; };
		E4C2424410CC5A17004149E2 /* AppKit.framework */ = {isa = PBXFileReference; lastKnownFileType = wrapper.framework; name = AppKit.framework; path = /System/Library/Frameworks/AppKit.framework; sourceTree = "<absolute>"; };
		E4C2424510CC5A17004149E2 /* Cocoa.framework */ = {isa = PBXFileReference; lastKnownFileType = wrapper.framework; name = Cocoa.framework; path = /System/Library/Frameworks/Cocoa.framework; sourceTree = "<absolute>"; };
		E4C2424610CC5A17004149E2 /* IOKit.framework */ = {isa = PBXFileReference; lastKnownFileType = wrapper.framework; name = IOKit.framework; path = /System/Library/Frameworks/IOKit.framework; sourceTree = "<absolute>"; };
		E4EB691F138AFCF100A09F29 /* CoreOF.xcconfig */ = {isa = PBXFileReference; fileEncoding = 4; lastKnownFileType = text.xcconfig; name = CoreOF.xcconfig; path = ../../../libs/openFrameworksCompiled/project/osx/CoreOF.xcconfig; sourceTree = SOURCE_ROOT; };
		E4EB6923138AFD0F00A09F29 /* Project.xcconfig */ = {isa = PBXFileReference; fileEncoding = 4; lastKnownFileType = text.xcconfig; path = Project.xcconfig; sourceTree = "<group>"; };
		E7E077E415D3B63C0020DFD4 /* CoreVideo.framework */ = {isa = PBXFileReference; lastKnownFileType = wrapper.framework; name = CoreVideo.framework; path = /System/Library/Frameworks/CoreVideo.framework; sourceTree = "<absolute>"; };
		E7E077E715D3B6510020DFD4 /* QTKit.framework */ = {isa = PBXFileReference; lastKnownFileType = wrapper.framework; name = QTKit.framework; path = /System/Library/Frameworks/QTKit.framework; sourceTree = "<absolute>"; };
		E7F985F515E0DE99003869B5 /* Accelerate.framework */ = {isa = PBXFileReference; lastKnownFileType = wrapper.framework; name = Accelerate.framework; path = /System/Library/Frameworks/Accelerate.framework; sourceTree = "<absolute>"; };
/* End PBXFileReference section */

/* Begin PBXFrameworksBuildPhase section */
		E4B69B590A3A1756003C02F2 /* Frameworks */ = {
			isa = PBXFrameworksBuildPhase;
			buildActionMask = 2147483647;
			files = (
				E7F985F815E0DEA3003869B5 /* Accelerate.framework in Frameworks */,
				E7E077E815D3B6510020DFD4 /* QTKit.framework in Frameworks */,
				E4EB6799138ADC1D00A09F29 /* GLUT.framework in Frameworks */,
				E4328149138ABC9F0047C5CB /* openFrameworksDebug.a in Frameworks */,
				E45BE97B0E8CC7DD009D7055 /* AGL.framework in Frameworks */,
				E45BE97C0E8CC7DD009D7055 /* ApplicationServices.framework in Frameworks */,
				E45BE97D0E8CC7DD009D7055 /* AudioToolbox.framework in Frameworks */,
				E45BE97F0E8CC7DD009D7055 /* CoreAudio.framework in Frameworks */,
				E45BE9800E8CC7DD009D7055 /* CoreFoundation.framework in Frameworks */,
				E45BE9810E8CC7DD009D7055 /* CoreServices.framework in Frameworks */,
				E45BE9830E8CC7DD009D7055 /* OpenGL.framework in Frameworks */,
				E45BE9840E8CC7DD009D7055 /* QuickTime.framework in Frameworks */,
				E4C2424710CC5A17004149E2 /* AppKit.framework in Frameworks */,
				E4C2424810CC5A17004149E2 /* Cocoa.framework in Frameworks */,
				E4C2424910CC5A17004149E2 /* IOKit.framework in Frameworks */,
				E7E077E515D3B63C0020DFD4 /* CoreVideo.framework in Frameworks */,
			);
			runOnlyForDeploymentPostprocessing = 0;
		};
/* End PBXFrameworksBuildPhase section */

/* Begin PBXGroup section */
		841C63901B4C34360025A391 /* ofxShapeSystem */ = {
			isa = PBXGroup;
			children = (
				841C63911B4C34360025A391 /* src */,
			);
			name = ofxShapeSystem;
			sourceTree = "<group>";
		};
		841C63911B4C34360025A391 /* src */ = {
			isa = PBXGroup;
			children = (
				841C63921B4C34360025A391 /* ofxShape.cpp */,
				841C63931B4C34360025A391 /* ofxShape.h */,
				841C63941B4C34360025A391 /* ofxShapeSystem.cpp */,
				841C63951B4C34360025A391 /* ofxShapeSystem.h */,
				841C63961B4C34360025A391 /* ofxTransformable.cpp */,
				841C63971B4C34360025A391 /* ofxTransformable.h */,
			);
			name = src;
			path = ../../../addons/ofxShapeSystem/src;
			sourceTree = "<group>";
		};
		8436EF3A1B4C468300D4F65F /* ofxKinectV2-OSC */ = {
			isa = PBXGroup;
			children = (
				8436EF3B1B4C468300D4F65F /* src */,
			);
			name = "ofxKinectV2-OSC";
			sourceTree = "<group>";
		};
		8436EF3B1B4C468300D4F65F /* src */ = {
			isa = PBXGroup;
			children = (
				8436EF3C1B4C468400D4F65F /* Body */,
				8436EF451B4C468400D4F65F /* DataTransform */,
				8436EF4C1B4C468400D4F65F /* Draw */,
				8436EF4F1B4C468400D4F65F /* ofxKinectV2OSC.cpp */,
				8436EF501B4C468400D4F65F /* ofxKinectV2OSC.h */,
			);
			name = src;
			path = "../../../addons/ofxKinectV2-OSC/src";
			sourceTree = "<group>";
		};
		8436EF3C1B4C468400D4F65F /* Body */ = {
			isa = PBXGroup;
			children = (
				8436EF3D1B4C468400D4F65F /* Hand.cpp */,
				8436EF3E1B4C468400D4F65F /* Hand.h */,
				8436EF3F1B4C468400D4F65F /* Interpreter.cpp */,
				8436EF401B4C468400D4F65F /* Interpreter.h */,
				8436EF411B4C468400D4F65F /* Joint.cpp */,
				8436EF421B4C468400D4F65F /* Joint.h */,
				8436EF431B4C468400D4F65F /* Skeleton.cpp */,
				8436EF441B4C468400D4F65F /* Skeleton.h */,
			);
			path = Body;
			sourceTree = "<group>";
		};
		8436EF451B4C468400D4F65F /* DataTransform */ = {
			isa = PBXGroup;
			children = (
				8436EF461B4C468400D4F65F /* Logger.cpp */,
				8436EF471B4C468400D4F65F /* Logger.h */,
				8436EF481B4C468400D4F65F /* Mapper.cpp */,
				8436EF491B4C468400D4F65F /* Mapper.h */,
				8436EF4A1B4C468400D4F65F /* Parser.cpp */,
				8436EF4B1B4C468400D4F65F /* Parser.h */,
			);
			path = DataTransform;
			sourceTree = "<group>";
		};
		8436EF4C1B4C468400D4F65F /* Draw */ = {
			isa = PBXGroup;
			children = (
				8436EF4D1B4C468400D4F65F /* BodyRenderer.cpp */,
				8436EF4E1B4C468400D4F65F /* BodyRenderer.h */,
			);
			path = Draw;
			sourceTree = "<group>";
		};
		8436EF5B1B4C49CF00D4F65F /* ofxOsc */ = {
			isa = PBXGroup;
			children = (
				8436EF5C1B4C49CF00D4F65F /* src */,
				8436EF691B4C49CF00D4F65F /* libs */,
			);
			name = ofxOsc;
			sourceTree = "<group>";
		};
		8436EF5C1B4C49CF00D4F65F /* src */ = {
			isa = PBXGroup;
			children = (
				8436EF5D1B4C49CF00D4F65F /* ofxOsc.h */,
				8436EF5E1B4C49CF00D4F65F /* ofxOscArg.h */,
				8436EF5F1B4C49CF00D4F65F /* ofxOscBundle.cpp */,
				8436EF601B4C49CF00D4F65F /* ofxOscBundle.h */,
				8436EF611B4C49CF00D4F65F /* ofxOscMessage.cpp */,
				8436EF621B4C49CF00D4F65F /* ofxOscMessage.h */,
				8436EF631B4C49CF00D4F65F /* ofxOscParameterSync.cpp */,
				8436EF641B4C49CF00D4F65F /* ofxOscParameterSync.h */,
				8436EF651B4C49CF00D4F65F /* ofxOscReceiver.cpp */,
				8436EF661B4C49CF00D4F65F /* ofxOscReceiver.h */,
				8436EF671B4C49CF00D4F65F /* ofxOscSender.cpp */,
				8436EF681B4C49CF00D4F65F /* ofxOscSender.h */,
			);
			name = src;
			path = ../../../addons/ofxOsc/src;
			sourceTree = "<group>";
		};
		8436EF691B4C49CF00D4F65F /* libs */ = {
			isa = PBXGroup;
			children = (
				8436EF6A1B4C49CF00D4F65F /* oscpack */,
			);
			name = libs;
			path = ../../../addons/ofxOsc/libs;
			sourceTree = "<group>";
		};
		8436EF6A1B4C49CF00D4F65F /* oscpack */ = {
			isa = PBXGroup;
			children = (
				8436EF6B1B4C49CF00D4F65F /* src */,
			);
			path = oscpack;
			sourceTree = "<group>";
		};
		8436EF6B1B4C49CF00D4F65F /* src */ = {
			isa = PBXGroup;
			children = (
				8436EF6C1B4C49CF00D4F65F /* ip */,
				8436EF791B4C49CF00D4F65F /* osc */,
			);
			path = src;
			sourceTree = "<group>";
		};
		8436EF6C1B4C49CF00D4F65F /* ip */ = {
			isa = PBXGroup;
			children = (
				8436EF6D1B4C49CF00D4F65F /* IpEndpointName.cpp */,
				8436EF6E1B4C49CF00D4F65F /* IpEndpointName.h */,
				8436EF6F1B4C49CF00D4F65F /* NetworkingUtils.h */,
				8436EF701B4C49CF00D4F65F /* PacketListener.h */,
				8436EF711B4C49CF00D4F65F /* posix */,
				8436EF741B4C49CF00D4F65F /* TimerListener.h */,
				8436EF751B4C49CF00D4F65F /* UdpSocket.h */,
			);
			path = ip;
			sourceTree = "<group>";
		};
		8436EF711B4C49CF00D4F65F /* posix */ = {
			isa = PBXGroup;
			children = (
				8436EF721B4C49CF00D4F65F /* NetworkingUtils.cpp */,
				8436EF731B4C49CF00D4F65F /* UdpSocket.cpp */,
			);
			path = posix;
			sourceTree = "<group>";
		};
		8436EF791B4C49CF00D4F65F /* osc */ = {
			isa = PBXGroup;
			children = (
				8436EF7A1B4C49CF00D4F65F /* MessageMappingOscPacketListener.h */,
				8436EF7B1B4C49CF00D4F65F /* OscException.h */,
				8436EF7C1B4C49CF00D4F65F /* OscHostEndianness.h */,
				8436EF7D1B4C49CF00D4F65F /* OscOutboundPacketStream.cpp */,
				8436EF7E1B4C49CF00D4F65F /* OscOutboundPacketStream.h */,
				8436EF7F1B4C49CF00D4F65F /* OscPacketListener.h */,
				8436EF801B4C49CF00D4F65F /* OscPrintReceivedElements.cpp */,
				8436EF811B4C49CF00D4F65F /* OscPrintReceivedElements.h */,
				8436EF821B4C49CF00D4F65F /* OscReceivedElements.cpp */,
				8436EF831B4C49CF00D4F65F /* OscReceivedElements.h */,
				8436EF841B4C49CF00D4F65F /* OscTypes.cpp */,
				8436EF851B4C49CF00D4F65F /* OscTypes.h */,
			);
			path = osc;
			sourceTree = "<group>";
		};
		84B992591B3DC9ED0090FDD3 /* ofxXmlSettings */ = {
			isa = PBXGroup;
			children = (
				84B9925A1B3DC9ED0090FDD3 /* src */,
				84B9925D1B3DC9ED0090FDD3 /* libs */,
			);
			name = ofxXmlSettings;
			sourceTree = "<group>";
		};
		84B9925A1B3DC9ED0090FDD3 /* src */ = {
			isa = PBXGroup;
			children = (
				84B9925B1B3DC9ED0090FDD3 /* ofxXmlSettings.cpp */,
				84B9925C1B3DC9ED0090FDD3 /* ofxXmlSettings.h */,
			);
			name = src;
			path = ../../../addons/ofxXmlSettings/src;
			sourceTree = "<group>";
		};
		84B9925D1B3DC9ED0090FDD3 /* libs */ = {
			isa = PBXGroup;
			children = (
				84B9925E1B3DC9ED0090FDD3 /* tinyxml.cpp */,
				84B9925F1B3DC9ED0090FDD3 /* tinyxml.h */,
				84B992601B3DC9ED0090FDD3 /* tinyxmlerror.cpp */,
				84B992611B3DC9ED0090FDD3 /* tinyxmlparser.cpp */,
			);
			name = libs;
			path = ../../../addons/ofxXmlSettings/libs;
			sourceTree = "<group>";
		};
		84B992661B3DC9F70090FDD3 /* ofxLayerMask */ = {
			isa = PBXGroup;
			children = (
				84B992671B3DC9F70090FDD3 /* src */,
			);
			name = ofxLayerMask;
			sourceTree = "<group>";
		};
		84B992671B3DC9F70090FDD3 /* src */ = {
			isa = PBXGroup;
			children = (
				84B992681B3DC9F70090FDD3 /* ofxLayerMask.cpp */,
				84B992691B3DC9F70090FDD3 /* ofxLayerMask.h */,
				84B9926A1B3DC9F70090FDD3 /* shader */,
			);
			name = src;
			path = ../../../addons/ofxLayerMask/src;
			sourceTree = "<group>";
		};
		84B9926A1B3DC9F70090FDD3 /* shader */ = {
			isa = PBXGroup;
			children = (
				84B9926B1B3DC9F70090FDD3 /* alphaMask_ES2.frag */,
				84B9926C1B3DC9F70090FDD3 /* alphaMask_ES2.vert */,
				84B9926D1B3DC9F70090FDD3 /* alphaMask_GL2.frag */,
				84B9926E1B3DC9F70090FDD3 /* alphaMask_GL2.vert */,
				84B9926F1B3DC9F70090FDD3 /* alphaMask_GL3.frag */,
				84B992701B3DC9F70090FDD3 /* alphaMask_GL3.vert */,
			);
			path = shader;
			sourceTree = "<group>";
		};
		84B992721B3DC9FB0090FDD3 /* ofxSecondWindow */ = {
			isa = PBXGroup;
			children = (
				84B992731B3DC9FB0090FDD3 /* src */,
			);
			name = ofxSecondWindow;
			sourceTree = "<group>";
		};
		84B992731B3DC9FB0090FDD3 /* src */ = {
			isa = PBXGroup;
			children = (
				84B992741B3DC9FB0090FDD3 /* ofxSecondWindow.cpp */,
				84B992751B3DC9FB0090FDD3 /* ofxSecondWindow.h */,
			);
			name = src;
			path = ../../../addons/ofxSecondWindow/src;
			sourceTree = "<group>";
		};
		84B992771B3DCA020090FDD3 /* ofxProjectionMask */ = {
			isa = PBXGroup;
			children = (
				84B992781B3DCA020090FDD3 /* src */,
			);
			name = ofxProjectionMask;
			sourceTree = "<group>";
		};
		84B992781B3DCA020090FDD3 /* src */ = {
			isa = PBXGroup;
			children = (
				84B992791B3DCA020090FDD3 /* Drawing */,
				84B992911B3DCA020090FDD3 /* ofExtensions.cpp */,
				84B992921B3DCA020090FDD3 /* ofExtensions.h */,
				84B992931B3DCA020090FDD3 /* ofxProjectionMask.cpp */,
				84B992941B3DCA020090FDD3 /* ofxProjectionMask.h */,
				84B992951B3DCA020090FDD3 /* Presets.cpp */,
				84B992961B3DCA020090FDD3 /* Presets.h */,
				84B992971B3DCA020090FDD3 /* Storage */,
			);
			name = src;
			path = ../../../addons/ofxProjectionMask/src;
			sourceTree = "<group>";
		};
		84B992791B3DCA020090FDD3 /* Drawing */ = {
			isa = PBXGroup;
			children = (
				84B9927A1B3DCA020090FDD3 /* Areas */,
				84B992811B3DCA020090FDD3 /* Collections */,
				84B992861B3DCA020090FDD3 /* Homography.cpp */,
				84B992871B3DCA020090FDD3 /* Homography.h */,
				84B992881B3DCA020090FDD3 /* Mouse.cpp */,
				84B992891B3DCA020090FDD3 /* Mouse.h */,
				84B9928A1B3DCA020090FDD3 /* Points */,
			);
			path = Drawing;
			sourceTree = "<group>";
		};
		84B9927A1B3DCA020090FDD3 /* Areas */ = {
			isa = PBXGroup;
			children = (
				84B9927B1B3DCA020090FDD3 /* Canvas.cpp */,
				84B9927C1B3DCA020090FDD3 /* Canvas.h */,
				84B9927D1B3DCA020090FDD3 /* MaskFrame.cpp */,
				84B9927E1B3DCA020090FDD3 /* MaskFrame.h */,
				84B9927F1B3DCA020090FDD3 /* TextArea.cpp */,
				84B992801B3DCA020090FDD3 /* TextArea.h */,
			);
			path = Areas;
			sourceTree = "<group>";
		};
		84B992811B3DCA020090FDD3 /* Collections */ = {
			isa = PBXGroup;
			children = (
				84B992821B3DCA020090FDD3 /* CanvasContents.cpp */,
				84B992831B3DCA020090FDD3 /* CanvasContents.h */,
				84B992841B3DCA020090FDD3 /* SafeDeque.cpp */,
				84B992851B3DCA020090FDD3 /* SafeDeque.h */,
			);
			path = Collections;
			sourceTree = "<group>";
		};
		84B9928A1B3DCA020090FDD3 /* Points */ = {
			isa = PBXGroup;
			children = (
				84B9928B1B3DCA020090FDD3 /* DragHandle.cpp */,
				84B9928C1B3DCA020090FDD3 /* DragHandle.h */,
				84B9928D1B3DCA020090FDD3 /* MaskPoint.cpp */,
				84B9928E1B3DCA020090FDD3 /* MaskPoint.h */,
				84B9928F1B3DCA020090FDD3 /* PointObject.cpp */,
				84B992901B3DCA020090FDD3 /* PointObject.h */,
			);
			path = Points;
			sourceTree = "<group>";
		};
		84B992971B3DCA020090FDD3 /* Storage */ = {
			isa = PBXGroup;
			children = (
				84B992981B3DCA020090FDD3 /* Xml.cpp */,
				84B992991B3DCA020090FDD3 /* Xml.h */,
			);
			path = Storage;
			sourceTree = "<group>";
		};
		84B992A91B3DCABB0090FDD3 /* ofxTexturePlane */ = {
			isa = PBXGroup;
			children = (
				84B992AA1B3DCABB0090FDD3 /* src */,
			);
			name = ofxTexturePlane;
			sourceTree = "<group>";
		};
		84B992AA1B3DCABB0090FDD3 /* src */ = {
			isa = PBXGroup;
			children = (
				84B992AB1B3DCABB0090FDD3 /* ofxTexturePlane.cpp */,
				84B992AC1B3DCABB0090FDD3 /* ofxTexturePlane.h */,
			);
			name = src;
			path = ../../../addons/ofxTexturePlane/src;
			sourceTree = "<group>";
		};
		84B994E61B3F7B6D0090FDD3 /* sketches */ = {
			isa = PBXGroup;
			children = (
				84B994E71B3F7B6D0090FDD3 /* Sketch.cpp */,
				84B994E81B3F7B6D0090FDD3 /* Sketch.h */,
				841C638D1B4C32E50025A391 /* sketch20150701.cpp */,
				841C638E1B4C32E50025A391 /* sketch20150701.h */,
			);
			path = sketches;
			sourceTree = "<group>";
		};
		BB4B014C10F69532006C3DED /* addons */ = {
			isa = PBXGroup;
			children = (
				8436EF5B1B4C49CF00D4F65F /* ofxOsc */,
				8436EF3A1B4C468300D4F65F /* ofxKinectV2-OSC */,
				841C63901B4C34360025A391 /* ofxShapeSystem */,
				84B992A91B3DCABB0090FDD3 /* ofxTexturePlane */,
				84B992771B3DCA020090FDD3 /* ofxProjectionMask */,
				84B992721B3DC9FB0090FDD3 /* ofxSecondWindow */,
				84B992661B3DC9F70090FDD3 /* ofxLayerMask */,
				84B992591B3DC9ED0090FDD3 /* ofxXmlSettings */,
			);
			name = addons;
			sourceTree = "<group>";
		};
		BBAB23C913894ECA00AA2426 /* system frameworks */ = {
			isa = PBXGroup;
			children = (
				E7F985F515E0DE99003869B5 /* Accelerate.framework */,
				E4C2424410CC5A17004149E2 /* AppKit.framework */,
				E4C2424510CC5A17004149E2 /* Cocoa.framework */,
				E4C2424610CC5A17004149E2 /* IOKit.framework */,
				E45BE9710E8CC7DD009D7055 /* AGL.framework */,
				E45BE9720E8CC7DD009D7055 /* ApplicationServices.framework */,
				E45BE9730E8CC7DD009D7055 /* AudioToolbox.framework */,
				E45BE9750E8CC7DD009D7055 /* CoreAudio.framework */,
				E45BE9760E8CC7DD009D7055 /* CoreFoundation.framework */,
				E45BE9770E8CC7DD009D7055 /* CoreServices.framework */,
				E45BE9790E8CC7DD009D7055 /* OpenGL.framework */,
				E45BE97A0E8CC7DD009D7055 /* QuickTime.framework */,
				E7E077E415D3B63C0020DFD4 /* CoreVideo.framework */,
				E7E077E715D3B6510020DFD4 /* QTKit.framework */,
			);
			name = "system frameworks";
			sourceTree = "<group>";
		};
		BBAB23CA13894EDB00AA2426 /* 3rd party frameworks */ = {
			isa = PBXGroup;
			children = (
				BBAB23BE13894E4700AA2426 /* GLUT.framework */,
			);
			name = "3rd party frameworks";
			sourceTree = "<group>";
		};
		E4328144138ABC890047C5CB /* Products */ = {
			isa = PBXGroup;
			children = (
				E4328148138ABC890047C5CB /* openFrameworksDebug.a */,
			);
			name = Products;
			sourceTree = "<group>";
		};
		E45BE5980E8CC70C009D7055 /* frameworks */ = {
			isa = PBXGroup;
			children = (
				BBAB23CA13894EDB00AA2426 /* 3rd party frameworks */,
				BBAB23C913894ECA00AA2426 /* system frameworks */,
			);
			name = frameworks;
			sourceTree = "<group>";
		};
		E4B69B4A0A3A1720003C02F2 = {
			isa = PBXGroup;
			children = (
				E4B6FCAD0C3E899E008CF71C /* openFrameworks-Info.plist */,
				E4EB6923138AFD0F00A09F29 /* Project.xcconfig */,
				E4B69E1C0A3A1BDC003C02F2 /* src */,
				E4EEC9E9138DF44700A80321 /* openFrameworks */,
				BB4B014C10F69532006C3DED /* addons */,
				E45BE5980E8CC70C009D7055 /* frameworks */,
				E4B69B5B0A3A1756003C02F2 /* Embodiment1Debug.app */,
			);
			sourceTree = "<group>";
		};
		E4B69E1C0A3A1BDC003C02F2 /* src */ = {
			isa = PBXGroup;
			children = (
				84B994E61B3F7B6D0090FDD3 /* sketches */,
				E4B69E1D0A3A1BDC003C02F2 /* main.cpp */,
				E4B69E1E0A3A1BDC003C02F2 /* ofApp.cpp */,
				E4B69E1F0A3A1BDC003C02F2 /* ofApp.h */,
			);
			path = src;
			sourceTree = SOURCE_ROOT;
		};
		E4EEC9E9138DF44700A80321 /* openFrameworks */ = {
			isa = PBXGroup;
			children = (
				E4EB691F138AFCF100A09F29 /* CoreOF.xcconfig */,
				E4328143138ABC890047C5CB /* openFrameworksLib.xcodeproj */,
			);
			name = openFrameworks;
			sourceTree = "<group>";
		};
/* End PBXGroup section */

/* Begin PBXNativeTarget section */
		E4B69B5A0A3A1756003C02F2 /* Embodiment1 */ = {
			isa = PBXNativeTarget;
			buildConfigurationList = E4B69B5F0A3A1757003C02F2 /* Build configuration list for PBXNativeTarget "Embodiment1" */;
			buildPhases = (
				E4B69B580A3A1756003C02F2 /* Sources */,
				E4B69B590A3A1756003C02F2 /* Frameworks */,
				E4B6FFFD0C3F9AB9008CF71C /* ShellScript */,
				E4C2427710CC5ABF004149E2 /* CopyFiles */,
			);
			buildRules = (
			);
			dependencies = (
				E4EEB9AC138B136A00A80321 /* PBXTargetDependency */,
			);
			name = Embodiment1;
			productName = myOFApp;
			productReference = E4B69B5B0A3A1756003C02F2 /* Embodiment1Debug.app */;
			productType = "com.apple.product-type.application";
		};
/* End PBXNativeTarget section */

/* Begin PBXProject section */
		E4B69B4C0A3A1720003C02F2 /* Project object */ = {
			isa = PBXProject;
			attributes = {
				LastUpgradeCheck = 0460;
			};
			buildConfigurationList = E4B69B4D0A3A1720003C02F2 /* Build configuration list for PBXProject "Embodiment1" */;
			compatibilityVersion = "Xcode 3.2";
			developmentRegion = English;
			hasScannedForEncodings = 0;
			knownRegions = (
				English,
				Japanese,
				French,
				German,
			);
			mainGroup = E4B69B4A0A3A1720003C02F2;
			productRefGroup = E4B69B4A0A3A1720003C02F2;
			projectDirPath = "";
			projectReferences = (
				{
					ProductGroup = E4328144138ABC890047C5CB /* Products */;
					ProjectRef = E4328143138ABC890047C5CB /* openFrameworksLib.xcodeproj */;
				},
			);
			projectRoot = "";
			targets = (
				E4B69B5A0A3A1756003C02F2 /* Embodiment1 */,
			);
		};
/* End PBXProject section */

/* Begin PBXReferenceProxy section */
		E4328148138ABC890047C5CB /* openFrameworksDebug.a */ = {
			isa = PBXReferenceProxy;
			fileType = archive.ar;
			path = openFrameworksDebug.a;
			remoteRef = E4328147138ABC890047C5CB /* PBXContainerItemProxy */;
			sourceTree = BUILT_PRODUCTS_DIR;
		};
/* End PBXReferenceProxy section */

/* Begin PBXShellScriptBuildPhase section */
		E4B6FFFD0C3F9AB9008CF71C /* ShellScript */ = {
			isa = PBXShellScriptBuildPhase;
			buildActionMask = 2147483647;
			files = (
			);
			inputPaths = (
			);
			outputPaths = (
			);
			runOnlyForDeploymentPostprocessing = 0;
			shellPath = /bin/sh;
			shellScript = "cp -f ../../../libs/fmodex/lib/osx/libfmodex.dylib \"$TARGET_BUILD_DIR/$PRODUCT_NAME.app/Contents/MacOS/libfmodex.dylib\"; install_name_tool -change ./libfmodex.dylib @executable_path/libfmodex.dylib \"$TARGET_BUILD_DIR/$PRODUCT_NAME.app/Contents/MacOS/$PRODUCT_NAME\";\nmkdir -p \"$TARGET_BUILD_DIR/$PRODUCT_NAME.app/Contents/Resources/\"\ncp -f \"$ICON_FILE\" \"$TARGET_BUILD_DIR/$PRODUCT_NAME.app/Contents/Resources/\"\n";
		};
/* End PBXShellScriptBuildPhase section */

/* Begin PBXSourcesBuildPhase section */
		E4B69B580A3A1756003C02F2 /* Sources */ = {
			isa = PBXSourcesBuildPhase;
			buildActionMask = 2147483647;
			files = (
				84B992A41B3DCA020090FDD3 /* ofExtensions.cpp in Sources */,
				841C638F1B4C32E50025A391 /* sketch20150701.cpp in Sources */,
				8436EF541B4C468400D4F65F /* Skeleton.cpp in Sources */,
				8436EF8F1B4C49CF00D4F65F /* OscPrintReceivedElements.cpp in Sources */,
				84B992621B3DC9ED0090FDD3 /* ofxXmlSettings.cpp in Sources */,
				84B992A21B3DCA020090FDD3 /* MaskPoint.cpp in Sources */,
				8436EF8E1B4C49CF00D4F65F /* OscOutboundPacketStream.cpp in Sources */,
				8436EF531B4C468400D4F65F /* Joint.cpp in Sources */,
				84B992631B3DC9ED0090FDD3 /* tinyxml.cpp in Sources */,
				84B9929A1B3DCA020090FDD3 /* Canvas.cpp in Sources */,
				84B994ED1B3F7B6D0090FDD3 /* Sketch.cpp in Sources */,
				84B992A71B3DCA020090FDD3 /* Xml.cpp in Sources */,
				E4B69E200A3A1BDC003C02F2 /* main.cpp in Sources */,
				84B992711B3DC9F70090FDD3 /* ofxLayerMask.cpp in Sources */,
				8436EF8A1B4C49CF00D4F65F /* ofxOscSender.cpp in Sources */,
				84B9929F1B3DCA020090FDD3 /* Homography.cpp in Sources */,
				8436EF871B4C49CF00D4F65F /* ofxOscMessage.cpp in Sources */,
				8436EF591B4C468400D4F65F /* ofxKinectV2OSC.cpp in Sources */,
				84B992A61B3DCA020090FDD3 /* Presets.cpp in Sources */,
				8436EF881B4C49CF00D4F65F /* ofxOscParameterSync.cpp in Sources */,
				84B992A01B3DCA020090FDD3 /* Mouse.cpp in Sources */,
				8436EF911B4C49CF00D4F65F /* OscTypes.cpp in Sources */,
				8436EF891B4C49CF00D4F65F /* ofxOscReceiver.cpp in Sources */,
				841C63981B4C34360025A391 /* ofxShape.cpp in Sources */,
				84B9929B1B3DCA020090FDD3 /* MaskFrame.cpp in Sources */,
				841C639A1B4C34360025A391 /* ofxTransformable.cpp in Sources */,
				84B9929E1B3DCA020090FDD3 /* SafeDeque.cpp in Sources */,
				8436EF551B4C468400D4F65F /* Logger.cpp in Sources */,
				841C63991B4C34360025A391 /* ofxShapeSystem.cpp in Sources */,
				8436EF8B1B4C49CF00D4F65F /* IpEndpointName.cpp in Sources */,
				84B992A11B3DCA020090FDD3 /* DragHandle.cpp in Sources */,
				84B992A51B3DCA020090FDD3 /* ofxProjectionMask.cpp in Sources */,
				8436EF571B4C468400D4F65F /* Parser.cpp in Sources */,
				84B992AD1B3DCABB0090FDD3 /* ofxTexturePlane.cpp in Sources */,
				8436EF901B4C49CF00D4F65F /* OscReceivedElements.cpp in Sources */,
				8436EF561B4C468400D4F65F /* Mapper.cpp in Sources */,
				8436EF861B4C49CF00D4F65F /* ofxOscBundle.cpp in Sources */,
				8436EF581B4C468400D4F65F /* BodyRenderer.cpp in Sources */,
				84B992641B3DC9ED0090FDD3 /* tinyxmlerror.cpp in Sources */,
				84B9929C1B3DCA020090FDD3 /* TextArea.cpp in Sources */,
				8436EF511B4C468400D4F65F /* Hand.cpp in Sources */,
				84B992761B3DC9FB0090FDD3 /* ofxSecondWindow.cpp in Sources */,
				84B9929D1B3DCA020090FDD3 /* CanvasContents.cpp in Sources */,
				8436EF521B4C468400D4F65F /* Interpreter.cpp in Sources */,
				84B992651B3DC9ED0090FDD3 /* tinyxmlparser.cpp in Sources */,
				8436EF8C1B4C49CF00D4F65F /* NetworkingUtils.cpp in Sources */,
				E4B69E210A3A1BDC003C02F2 /* ofApp.cpp in Sources */,
				8436EF8D1B4C49CF00D4F65F /* UdpSocket.cpp in Sources */,
				84B992A31B3DCA020090FDD3 /* PointObject.cpp in Sources */,
			);
			runOnlyForDeploymentPostprocessing = 0;
		};
/* End PBXSourcesBuildPhase section */

/* Begin PBXTargetDependency section */
		E4EEB9AC138B136A00A80321 /* PBXTargetDependency */ = {
			isa = PBXTargetDependency;
			name = openFrameworks;
			targetProxy = E4EEB9AB138B136A00A80321 /* PBXContainerItemProxy */;
		};
/* End PBXTargetDependency section */

/* Begin XCBuildConfiguration section */
		E4B69B4E0A3A1720003C02F2 /* Debug */ = {
			isa = XCBuildConfiguration;
			baseConfigurationReference = E4EB6923138AFD0F00A09F29 /* Project.xcconfig */;
			buildSettings = {
				ARCHS = "$(NATIVE_ARCH)";
				CONFIGURATION_BUILD_DIR = "$(SRCROOT)/bin/";
				COPY_PHASE_STRIP = NO;
				DEAD_CODE_STRIPPING = YES;
				GCC_AUTO_VECTORIZATION = YES;
				GCC_ENABLE_SSE3_EXTENSIONS = YES;
				GCC_ENABLE_SUPPLEMENTAL_SSE3_INSTRUCTIONS = YES;
				GCC_INLINES_ARE_PRIVATE_EXTERN = NO;
				GCC_OPTIMIZATION_LEVEL = 0;
				GCC_SYMBOLS_PRIVATE_EXTERN = NO;
				GCC_WARN_ABOUT_DEPRECATED_FUNCTIONS = YES;
				GCC_WARN_ABOUT_INVALID_OFFSETOF_MACRO = NO;
				GCC_WARN_ALLOW_INCOMPLETE_PROTOCOL = NO;
				GCC_WARN_UNINITIALIZED_AUTOS = NO;
				GCC_WARN_UNUSED_VALUE = NO;
				GCC_WARN_UNUSED_VARIABLE = NO;
				MACOSX_DEPLOYMENT_TARGET = 10.6;
				OTHER_CPLUSPLUSFLAGS = (
					"-D__MACOSX_CORE__",
					"-lpthread",
					"-mtune=native",
				);
				SDKROOT = macosx;
			};
			name = Debug;
		};
		E4B69B4F0A3A1720003C02F2 /* Release */ = {
			isa = XCBuildConfiguration;
			baseConfigurationReference = E4EB6923138AFD0F00A09F29 /* Project.xcconfig */;
			buildSettings = {
				ARCHS = "$(NATIVE_ARCH)";
				CONFIGURATION_BUILD_DIR = "$(SRCROOT)/bin/";
				COPY_PHASE_STRIP = YES;
				DEAD_CODE_STRIPPING = YES;
				GCC_AUTO_VECTORIZATION = YES;
				GCC_ENABLE_SSE3_EXTENSIONS = YES;
				GCC_ENABLE_SUPPLEMENTAL_SSE3_INSTRUCTIONS = YES;
				GCC_INLINES_ARE_PRIVATE_EXTERN = NO;
				GCC_OPTIMIZATION_LEVEL = 3;
				GCC_SYMBOLS_PRIVATE_EXTERN = NO;
				GCC_UNROLL_LOOPS = YES;
				GCC_WARN_ABOUT_DEPRECATED_FUNCTIONS = YES;
				GCC_WARN_ABOUT_INVALID_OFFSETOF_MACRO = NO;
				GCC_WARN_ALLOW_INCOMPLETE_PROTOCOL = NO;
				GCC_WARN_UNINITIALIZED_AUTOS = NO;
				GCC_WARN_UNUSED_VALUE = NO;
				GCC_WARN_UNUSED_VARIABLE = NO;
				MACOSX_DEPLOYMENT_TARGET = 10.6;
				OTHER_CPLUSPLUSFLAGS = (
					"-D__MACOSX_CORE__",
					"-lpthread",
					"-mtune=native",
				);
				SDKROOT = macosx;
			};
			name = Release;
		};
		E4B69B600A3A1757003C02F2 /* Debug */ = {
			isa = XCBuildConfiguration;
			buildSettings = {
				COMBINE_HIDPI_IMAGES = YES;
				COPY_PHASE_STRIP = NO;
				FRAMEWORK_SEARCH_PATHS = (
					"$(inherited)",
					"$(FRAMEWORK_SEARCH_PATHS_QUOTED_FOR_TARGET_1)",
				);
				FRAMEWORK_SEARCH_PATHS_QUOTED_FOR_TARGET_1 = "\"$(SRCROOT)/../../../libs/glut/lib/osx\"";
				GCC_DYNAMIC_NO_PIC = NO;
				GCC_GENERATE_DEBUGGING_SYMBOLS = YES;
				GCC_MODEL_TUNING = NONE;
				ICON = "$(ICON_NAME_DEBUG)";
				ICON_FILE = "$(ICON_FILE_PATH)$(ICON)";
				INFOPLIST_FILE = "openFrameworks-Info.plist";
				INSTALL_PATH = "$(HOME)/Applications";
				LIBRARY_SEARCH_PATHS = (
					"$(inherited)",
					"$(LIBRARY_SEARCH_PATHS_QUOTED_FOR_TARGET_1)",
					"$(LIBRARY_SEARCH_PATHS_QUOTED_FOR_TARGET_2)",
					"$(LIBRARY_SEARCH_PATHS_QUOTED_FOR_TARGET_3)",
					"$(LIBRARY_SEARCH_PATHS_QUOTED_FOR_TARGET_4)",
					"$(LIBRARY_SEARCH_PATHS_QUOTED_FOR_TARGET_5)",
					"$(LIBRARY_SEARCH_PATHS_QUOTED_FOR_TARGET_6)",
					"$(LIBRARY_SEARCH_PATHS_QUOTED_FOR_TARGET_7)",
					"$(LIBRARY_SEARCH_PATHS_QUOTED_FOR_TARGET_8)",
					"$(LIBRARY_SEARCH_PATHS_QUOTED_FOR_TARGET_9)",
					"$(LIBRARY_SEARCH_PATHS_QUOTED_FOR_TARGET_10)",
					"$(LIBRARY_SEARCH_PATHS_QUOTED_FOR_TARGET_11)",
					"$(LIBRARY_SEARCH_PATHS_QUOTED_FOR_TARGET_12)",
					"$(LIBRARY_SEARCH_PATHS_QUOTED_FOR_TARGET_13)",
					"$(LIBRARY_SEARCH_PATHS_QUOTED_FOR_TARGET_14)",
					"$(LIBRARY_SEARCH_PATHS_QUOTED_FOR_TARGET_15)",
					"$(LIBRARY_SEARCH_PATHS_QUOTED_FOR_TARGET_2)",
					"$(LIBRARY_SEARCH_PATHS_QUOTED_FOR_TARGET_3)",
					"$(LIBRARY_SEARCH_PATHS_QUOTED_FOR_TARGET_7)",
					"$(LIBRARY_SEARCH_PATHS_QUOTED_FOR_TARGET_8)",
					"$(LIBRARY_SEARCH_PATHS_QUOTED_FOR_TARGET_9)",
					"$(LIBRARY_SEARCH_PATHS_QUOTED_FOR_TARGET_10)",
					"$(LIBRARY_SEARCH_PATHS_QUOTED_FOR_TARGET_11)",
					"$(LIBRARY_SEARCH_PATHS_QUOTED_FOR_TARGET_12)",
					"$(LIBRARY_SEARCH_PATHS_QUOTED_FOR_TARGET_13)",
					"$(LIBRARY_SEARCH_PATHS_QUOTED_FOR_TARGET_16)",
					"$(LIBRARY_SEARCH_PATHS_QUOTED_FOR_TARGET_17)",
					"$(LIBRARY_SEARCH_PATHS_QUOTED_FOR_TARGET_18)",
					"$(LIBRARY_SEARCH_PATHS_QUOTED_FOR_TARGET_19)",
					"$(LIBRARY_SEARCH_PATHS_QUOTED_FOR_TARGET_20)",
					"$(LIBRARY_SEARCH_PATHS_QUOTED_FOR_TARGET_21)",
					"$(LIBRARY_SEARCH_PATHS_QUOTED_FOR_TARGET_22)",
					"$(LIBRARY_SEARCH_PATHS_QUOTED_FOR_TARGET_23)",
					"$(LIBRARY_SEARCH_PATHS_QUOTED_FOR_TARGET_24)",
					"$(LIBRARY_SEARCH_PATHS_QUOTED_FOR_TARGET_25)",
					"$(LIBRARY_SEARCH_PATHS_QUOTED_FOR_TARGET_26)",
					"$(LIBRARY_SEARCH_PATHS_QUOTED_FOR_TARGET_27)",
					"$(LIBRARY_SEARCH_PATHS_QUOTED_FOR_TARGET_28)",
					"$(LIBRARY_SEARCH_PATHS_QUOTED_FOR_TARGET_29)",
					"$(LIBRARY_SEARCH_PATHS_QUOTED_FOR_TARGET_30)",
					"$(LIBRARY_SEARCH_PATHS_QUOTED_FOR_TARGET_31)",
					"$(LIBRARY_SEARCH_PATHS_QUOTED_FOR_TARGET_32)",
					"$(LIBRARY_SEARCH_PATHS_QUOTED_FOR_TARGET_33)",
					"$(LIBRARY_SEARCH_PATHS_QUOTED_FOR_TARGET_34)",
					"$(LIBRARY_SEARCH_PATHS_QUOTED_FOR_TARGET_35)",
					"$(LIBRARY_SEARCH_PATHS_QUOTED_FOR_TARGET_36)",
					"$(LIBRARY_SEARCH_PATHS_QUOTED_FOR_TARGET_37)",
					"$(LIBRARY_SEARCH_PATHS_QUOTED_FOR_TARGET_38)",
					"$(LIBRARY_SEARCH_PATHS_QUOTED_FOR_TARGET_39)",
					"$(LIBRARY_SEARCH_PATHS_QUOTED_FOR_TARGET_40)",
					"$(LIBRARY_SEARCH_PATHS_QUOTED_FOR_TARGET_41)",
					"$(LIBRARY_SEARCH_PATHS_QUOTED_FOR_TARGET_42)",
					"$(LIBRARY_SEARCH_PATHS_QUOTED_FOR_TARGET_43)",
					"$(LIBRARY_SEARCH_PATHS_QUOTED_FOR_TARGET_44)",
					"$(LIBRARY_SEARCH_PATHS_QUOTED_FOR_TARGET_45)",
					"$(LIBRARY_SEARCH_PATHS_QUOTED_FOR_TARGET_46)",
					"$(LIBRARY_SEARCH_PATHS_QUOTED_FOR_TARGET_47)",
					"$(LIBRARY_SEARCH_PATHS_QUOTED_FOR_TARGET_48)",
					"$(LIBRARY_SEARCH_PATHS_QUOTED_FOR_TARGET_49)",
					"$(LIBRARY_SEARCH_PATHS_QUOTED_FOR_TARGET_50)",
					"$(LIBRARY_SEARCH_PATHS_QUOTED_FOR_TARGET_51)",
					"$(LIBRARY_SEARCH_PATHS_QUOTED_FOR_TARGET_52)",
				);
				PRODUCT_NAME = Embodiment1Debug;
				USER_HEADER_SEARCH_PATHS = ../../../addons/ofxOsc/libs/oscpack/src/;
				WRAPPER_EXTENSION = app;
			};
			name = Debug;
		};
		E4B69B610A3A1757003C02F2 /* Release */ = {
			isa = XCBuildConfiguration;
			buildSettings = {
				COMBINE_HIDPI_IMAGES = YES;
				COPY_PHASE_STRIP = YES;
				FRAMEWORK_SEARCH_PATHS = (
					"$(inherited)",
					"$(FRAMEWORK_SEARCH_PATHS_QUOTED_FOR_TARGET_1)",
				);
				FRAMEWORK_SEARCH_PATHS_QUOTED_FOR_TARGET_1 = "\"$(SRCROOT)/../../../libs/glut/lib/osx\"";
				GCC_GENERATE_DEBUGGING_SYMBOLS = YES;
				GCC_MODEL_TUNING = NONE;
				ICON = "$(ICON_NAME_RELEASE)";
				ICON_FILE = "$(ICON_FILE_PATH)$(ICON)";
				INFOPLIST_FILE = "openFrameworks-Info.plist";
				INSTALL_PATH = "$(HOME)/Applications";
				LIBRARY_SEARCH_PATHS = (
					"$(inherited)",
					"$(LIBRARY_SEARCH_PATHS_QUOTED_FOR_TARGET_1)",
					"$(LIBRARY_SEARCH_PATHS_QUOTED_FOR_TARGET_2)",
					"$(LIBRARY_SEARCH_PATHS_QUOTED_FOR_TARGET_3)",
					"$(LIBRARY_SEARCH_PATHS_QUOTED_FOR_TARGET_4)",
					"$(LIBRARY_SEARCH_PATHS_QUOTED_FOR_TARGET_5)",
					"$(LIBRARY_SEARCH_PATHS_QUOTED_FOR_TARGET_6)",
					"$(LIBRARY_SEARCH_PATHS_QUOTED_FOR_TARGET_7)",
					"$(LIBRARY_SEARCH_PATHS_QUOTED_FOR_TARGET_8)",
					"$(LIBRARY_SEARCH_PATHS_QUOTED_FOR_TARGET_9)",
					"$(LIBRARY_SEARCH_PATHS_QUOTED_FOR_TARGET_10)",
					"$(LIBRARY_SEARCH_PATHS_QUOTED_FOR_TARGET_11)",
					"$(LIBRARY_SEARCH_PATHS_QUOTED_FOR_TARGET_12)",
					"$(LIBRARY_SEARCH_PATHS_QUOTED_FOR_TARGET_13)",
					"$(LIBRARY_SEARCH_PATHS_QUOTED_FOR_TARGET_14)",
					"$(LIBRARY_SEARCH_PATHS_QUOTED_FOR_TARGET_15)",
					"$(LIBRARY_SEARCH_PATHS_QUOTED_FOR_TARGET_2)",
					"$(LIBRARY_SEARCH_PATHS_QUOTED_1)",
					"$(LIBRARY_SEARCH_PATHS_QUOTED_FOR_TARGET_3)",
					"$(LIBRARY_SEARCH_PATHS_QUOTED_FOR_TARGET_7)",
					"$(LIBRARY_SEARCH_PATHS_QUOTED_FOR_TARGET_8)",
					"$(LIBRARY_SEARCH_PATHS_QUOTED_FOR_TARGET_9)",
					"$(LIBRARY_SEARCH_PATHS_QUOTED_FOR_TARGET_10)",
					"$(LIBRARY_SEARCH_PATHS_QUOTED_FOR_TARGET_11)",
					"$(LIBRARY_SEARCH_PATHS_QUOTED_FOR_TARGET_12)",
					"$(LIBRARY_SEARCH_PATHS_QUOTED_FOR_TARGET_13)",
					"$(LIBRARY_SEARCH_PATHS_QUOTED_FOR_TARGET_16)",
					"$(LIBRARY_SEARCH_PATHS_QUOTED_FOR_TARGET_17)",
					"$(LIBRARY_SEARCH_PATHS_QUOTED_FOR_TARGET_18)",
					"$(LIBRARY_SEARCH_PATHS_QUOTED_FOR_TARGET_19)",
					"$(LIBRARY_SEARCH_PATHS_QUOTED_FOR_TARGET_20)",
					"$(LIBRARY_SEARCH_PATHS_QUOTED_FOR_TARGET_21)",
					"$(LIBRARY_SEARCH_PATHS_QUOTED_FOR_TARGET_22)",
					"$(LIBRARY_SEARCH_PATHS_QUOTED_FOR_TARGET_23)",
					"$(LIBRARY_SEARCH_PATHS_QUOTED_FOR_TARGET_24)",
					"$(LIBRARY_SEARCH_PATHS_QUOTED_FOR_TARGET_25)",
					"$(LIBRARY_SEARCH_PATHS_QUOTED_FOR_TARGET_26)",
					"$(LIBRARY_SEARCH_PATHS_QUOTED_FOR_TARGET_27)",
					"$(LIBRARY_SEARCH_PATHS_QUOTED_FOR_TARGET_28)",
					"$(LIBRARY_SEARCH_PATHS_QUOTED_FOR_TARGET_29)",
					"$(LIBRARY_SEARCH_PATHS_QUOTED_FOR_TARGET_30)",
					"$(LIBRARY_SEARCH_PATHS_QUOTED_FOR_TARGET_31)",
					"$(LIBRARY_SEARCH_PATHS_QUOTED_FOR_TARGET_32)",
					"$(LIBRARY_SEARCH_PATHS_QUOTED_FOR_TARGET_33)",
					"$(LIBRARY_SEARCH_PATHS_QUOTED_FOR_TARGET_34)",
					"$(LIBRARY_SEARCH_PATHS_QUOTED_FOR_TARGET_35)",
					"$(LIBRARY_SEARCH_PATHS_QUOTED_FOR_TARGET_36)",
					"$(LIBRARY_SEARCH_PATHS_QUOTED_FOR_TARGET_37)",
					"$(LIBRARY_SEARCH_PATHS_QUOTED_FOR_TARGET_38)",
					"$(LIBRARY_SEARCH_PATHS_QUOTED_FOR_TARGET_39)",
					"$(LIBRARY_SEARCH_PATHS_QUOTED_FOR_TARGET_40)",
					"$(LIBRARY_SEARCH_PATHS_QUOTED_FOR_TARGET_41)",
					"$(LIBRARY_SEARCH_PATHS_QUOTED_FOR_TARGET_42)",
					"$(LIBRARY_SEARCH_PATHS_QUOTED_FOR_TARGET_43)",
					"$(LIBRARY_SEARCH_PATHS_QUOTED_FOR_TARGET_44)",
					"$(LIBRARY_SEARCH_PATHS_QUOTED_FOR_TARGET_45)",
					"$(LIBRARY_SEARCH_PATHS_QUOTED_FOR_TARGET_46)",
					"$(LIBRARY_SEARCH_PATHS_QUOTED_FOR_TARGET_47)",
					"$(LIBRARY_SEARCH_PATHS_QUOTED_FOR_TARGET_48)",
					"$(LIBRARY_SEARCH_PATHS_QUOTED_FOR_TARGET_49)",
					"$(LIBRARY_SEARCH_PATHS_QUOTED_FOR_TARGET_50)",
					"$(LIBRARY_SEARCH_PATHS_QUOTED_FOR_TARGET_51)",
				);
				PRODUCT_NAME = Embodiment1;
				USER_HEADER_SEARCH_PATHS = ../../../addons/ofxOsc/libs/oscpack/src/;
				WRAPPER_EXTENSION = app;
			};
			name = Release;
		};
/* End XCBuildConfiguration section */

/* Begin XCConfigurationList section */
		E4B69B4D0A3A1720003C02F2 /* Build configuration list for PBXProject "Embodiment1" */ = {
			isa = XCConfigurationList;
			buildConfigurations = (
				E4B69B4E0A3A1720003C02F2 /* Debug */,
				E4B69B4F0A3A1720003C02F2 /* Release */,
			);
			defaultConfigurationIsVisible = 0;
			defaultConfigurationName = Release;
		};
		E4B69B5F0A3A1757003C02F2 /* Build configuration list for PBXNativeTarget "Embodiment1" */ = {
			isa = XCConfigurationList;
			buildConfigurations = (
				E4B69B600A3A1757003C02F2 /* Debug */,
				E4B69B610A3A1757003C02F2 /* Release */,
			);
			defaultConfigurationIsVisible = 0;
			defaultConfigurationName = Release;
		};
/* End XCConfigurationList section */
	};
	rootObject = E4B69B4C0A3A1720003C02F2 /* Project object */;
}
